
Microsoft Visual Studio Solution File, Format Version 12.00
# Visual Studio Version 16
VisualStudioVersion = 16.0.29519.181
MinimumVisualStudioVersion = 10.0.40219.1
Project("{2150E333-8FDC-42A3-9474-1A3956D46DE8}") = "Config", "Config", "{6BDAE5C1-D308-42EF-8B1C-60964D58A384}"
ProjectSection(SolutionItems) = preProject
	CodeAnalysis.ruleset = CodeAnalysis.ruleset
	global.json = global.json
	..\CHANGELOG.md = ..\CHANGELOG.md
	..\README.md = ..\README.md
EndProjectSection
EndProject
Project("{FAE04EC0-301F-11D3-BF4B-00C04F79EFBC}") = "Credfeto.Notification.Bot.Server", "Credfeto.Notification.Bot.Server\Credfeto.Notification.Bot.Server.csproj", "{2DDAB2F1-7D26-48B5-8613-A8F973494365}"
EndProject
Project("{FAE04EC0-301F-11D3-BF4B-00C04F79EFBC}") = "Credfeto.Notification.Bot.Twitch", "Credfeto.Notification.Bot.Twitch\Credfeto.Notification.Bot.Twitch.csproj", "{1B81D72B-851E-4E79-9350-2977914BB5C3}"
EndProject
Project("{FAE04EC0-301F-11D3-BF4B-00C04F79EFBC}") = "Credfeto.Notification.Bot.Shared", "Credfeto.Notification.Bot.Shared\Credfeto.Notification.Bot.Shared.csproj", "{DAC38F12-BF0F-4EB5-8AD9-0AE7C44FD52C}"
EndProject
Global
	GlobalSection(ProjectConfigurationPlatforms) = postSolution
		{2DDAB2F1-7D26-48B5-8613-A8F973494365}.Debug|Any CPU.ActiveCfg = Debug|Any CPU
		{2DDAB2F1-7D26-48B5-8613-A8F973494365}.Debug|Any CPU.Build.0 = Debug|Any CPU
		{2DDAB2F1-7D26-48B5-8613-A8F973494365}.Release|Any CPU.ActiveCfg = Release|Any CPU
		{2DDAB2F1-7D26-48B5-8613-A8F973494365}.Release|Any CPU.Build.0 = Release|Any CPU
		{1B81D72B-851E-4E79-9350-2977914BB5C3}.Debug|Any CPU.ActiveCfg = Debug|Any CPU
		{1B81D72B-851E-4E79-9350-2977914BB5C3}.Debug|Any CPU.Build.0 = Debug|Any CPU
		{1B81D72B-851E-4E79-9350-2977914BB5C3}.Release|Any CPU.ActiveCfg = Release|Any CPU
		{1B81D72B-851E-4E79-9350-2977914BB5C3}.Release|Any CPU.Build.0 = Release|Any CPU
		{DAC38F12-BF0F-4EB5-8AD9-0AE7C44FD52C}.Debug|Any CPU.ActiveCfg = Debug|Any CPU
		{DAC38F12-BF0F-4EB5-8AD9-0AE7C44FD52C}.Debug|Any CPU.Build.0 = Debug|Any CPU
		{DAC38F12-BF0F-4EB5-8AD9-0AE7C44FD52C}.Release|Any CPU.ActiveCfg = Release|Any CPU
		{DAC38F12-BF0F-4EB5-8AD9-0AE7C44FD52C}.Release|Any CPU.Build.0 = Release|Any CPU
	EndGlobalSection
	GlobalSection(SolutionConfigurationPlatforms) = preSolution
		Debug|Any CPU = Debug|Any CPU
		Release|Any CPU = Release|Any CPU
	EndGlobalSection
EndGlobal
